
Microsoft Visual Studio Solution File, Format Version 12.00
# Visual Studio Version 17
VisualStudioVersion = 17.14.36202.13
MinimumVisualStudioVersion = 10.0.40219.1
Project("{FAE04EC0-301F-11D3-BF4B-00C04F79EFBC}") = "DVLD", "DVLD.csproj", "{726FC769-CDF2-439C-BD76-4F86D87B3BE3}"
EndProject
Project("{FAE04EC0-301F-11D3-BF4B-00C04F79EFBC}") = "DVLD-Data", "DVLD-DataAccessLayer\DVLD-Data.csproj", "{3CFCA4A2-AC2A-45D1-A74A-506B36648C9E}"
EndProject
Project("{FAE04EC0-301F-11D3-BF4B-00C04F79EFBC}") = "DVLD-Business", "..\DVLD-BusinessLayer\DVLD-Business.csproj", "{333EC835-8AA1-4407-9025-ABEF6F54334F}"
EndProject
Global
	GlobalSection(SolutionConfigurationPlatforms) = preSolution
		Debug|Any CPU = Debug|Any CPU
		Release|Any CPU = Release|Any CPU
	EndGlobalSection
	GlobalSection(ProjectConfigurationPlatforms) = postSolution
		{726FC769-CDF2-439C-BD76-4F86D87B3BE3}.Debug|Any CPU.ActiveCfg = Debug|Any CPU
		{726FC769-CDF2-439C-BD76-4F86D87B3BE3}.Debug|Any CPU.Build.0 = Debug|Any CPU
		{726FC769-CDF2-439C-BD76-4F86D87B3BE3}.Release|Any CPU.ActiveCfg = Release|Any CPU
		{726FC769-CDF2-439C-BD76-4F86D87B3BE3}.Release|Any CPU.Build.0 = Release|Any CPU
		{3CFCA4A2-AC2A-45D1-A74A-506B36648C9E}.Debug|Any CPU.ActiveCfg = Debug|Any CPU
		{3CFCA4A2-AC2A-45D1-A74A-506B36648C9E}.Debug|Any CPU.Build.0 = Debug|Any CPU
		{3CFCA4A2-AC2A-45D1-A74A-506B36648C9E}.Release|Any CPU.ActiveCfg = Release|Any CPU
		{3CFCA4A2-AC2A-45D1-A74A-506B36648C9E}.Release|Any CPU.Build.0 = Release|Any CPU
		{333EC835-8AA1-4407-9025-ABEF6F54334F}.Debug|Any CPU.ActiveCfg = Debug|Any CPU
		{333EC835-8AA1-4407-9025-ABEF6F54334F}.Debug|Any CPU.Build.0 = Debug|Any CPU
		{333EC835-8AA1-4407-9025-ABEF6F54334F}.Release|Any CPU.ActiveCfg = Release|Any CPU
		{333EC835-8AA1-4407-9025-ABEF6F54334F}.Release|Any CPU.Build.0 = Release|Any CPU
	EndGlobalSection
	GlobalSection(SolutionProperties) = preSolution
		HideSolutionNode = FALSE
	EndGlobalSection
	GlobalSection(ExtensibilityGlobals) = postSolution
		SolutionGuid = {AC5B8EA4-9D52-4E90-9CE4-04C84A300B07}
	EndGlobalSection
EndGlobal
